
Microsoft Visual Studio Solution File, Format Version 12.00
# Visual Studio 2013
VisualStudioVersion = 12.0.40629.0
MinimumVisualStudioVersion = 10.0.40219.1
Project("{FAE04EC0-301F-11D3-BF4B-00C04F79EFBC}") = "MMG.Utils.TWPM.HelperSPA", "MMG.Utils.TWPM.HelperSPA\MMG.Utils.TWPM.HelperSPA.csproj", "{0AAB3FEF-994E-42D4-91CC-CE10C2C4CB43}"
	GlobalSection(PlasticSccProperties) = preSolution
		ControlledByPlastic = True
		SccProvider = Plastic SCM
	EndGlobalSection
EndProject
Project("{2150E333-8FDC-42A3-9474-1A3956D46DE8}") = ".nuget", ".nuget", "{1E7CCF43-3240-4FCB-90CD-79BF8681D65E}"
	GlobalSection(PlasticSccProperties) = preSolution
		ControlledByPlastic = True
		SccProvider = Plastic SCM
	EndGlobalSection
	ProjectSection(SolutionItems) = preProject
		.nuget\NuGet.Config = .nuget\NuGet.Config
		.nuget\NuGet.targets = .nuget\NuGet.targets
	EndProjectSection
EndProject
Project("{2150E333-8FDC-42A3-9474-1A3956D46DE8}") = "DevEnvSettings", "DevEnvSettings", "{B028EF31-5C40-43C8-BF17-626F638E3FEE}"
	GlobalSection(PlasticSccProperties) = preSolution
		ControlledByPlastic = True
		SccProvider = Plastic SCM
	EndGlobalSection
	ProjectSection(SolutionItems) = preProject
		..\ignore.conf = ..\ignore.conf
		MMG.Utils.TWPM.sln.DotSettings = MMG.Utils.TWPM.sln.DotSettings
		MMG.Utils.TWPM.HelperSPA\override.jshintrc = MMG.Utils.TWPM.HelperSPA\override.jshintrc
	EndProjectSection
EndProject
Global
	GlobalSection(PlasticSccProperties) = preSolution
		ControlledByPlastic = True
		SccProvider = Plastic SCM
	EndGlobalSection
	GlobalSection(SolutionConfigurationPlatforms) = preSolution
		Debug|Any CPU = Debug|Any CPU
		Release|Any CPU = Release|Any CPU
	EndGlobalSection
	GlobalSection(ProjectConfigurationPlatforms) = postSolution
		{0AAB3FEF-994E-42D4-91CC-CE10C2C4CB43}.Debug|Any CPU.ActiveCfg = Debug|Any CPU
		{0AAB3FEF-994E-42D4-91CC-CE10C2C4CB43}.Debug|Any CPU.Build.0 = Debug|Any CPU
		{0AAB3FEF-994E-42D4-91CC-CE10C2C4CB43}.Release|Any CPU.ActiveCfg = Release|Any CPU
		{0AAB3FEF-994E-42D4-91CC-CE10C2C4CB43}.Release|Any CPU.Build.0 = Release|Any CPU
	EndGlobalSection
	GlobalSection(SolutionProperties) = preSolution
		HideSolutionNode = FALSE
	EndGlobalSection
	GlobalSection(CodealikeProperties) = postSolution
		SolutionGuid = 9e7b390a-9a08-4606-ac77-3e61f44b424a
	EndGlobalSection
EndGlobal
